{
  "name": "synopath",
  "version": "0.0.1",
  "lockfileVersion": 1,
  "requires": true,
  "dependencies": {
    "accepts": {
      "version": "https://registry.npmjs.org/accepts/-/accepts-1.2.13.tgz",
      "integrity": "sha1-5fHzkoxtlf2WVYw27D2dDeSm7Oo=",
      "requires": {
        "mime-types": "https://registry.npmjs.org/mime-types/-/mime-types-2.1.14.tgz",
        "negotiator": "https://registry.npmjs.org/negotiator/-/negotiator-0.5.3.tgz"
      }
    },
    "acorn": {
      "version": "3.3.0",
      "resolved": "https://registry.npmjs.org/acorn/-/acorn-3.3.0.tgz",
      "integrity": "sha1-ReN/s56No/JbruP/U2niu18iAXo="
    },
    "acorn-globals": {
      "version": "3.1.0",
      "resolved": "https://registry.npmjs.org/acorn-globals/-/acorn-globals-3.1.0.tgz",
      "integrity": "sha1-/YJw9x+7SZawBPqIDuXUZXOnMb8=",
      "requires": {
        "acorn": "4.0.13"
      },
      "dependencies": {
        "acorn": {
          "version": "4.0.13",
          "resolved": "https://registry.npmjs.org/acorn/-/acorn-4.0.13.tgz",
          "integrity": "sha1-EFSVrlNh1pe9GVyCUZLhrX8lN4c="
        }
      }
    },
    "align-text": {
      "version": "0.1.4",
      "resolved": "https://registry.npmjs.org/align-text/-/align-text-0.1.4.tgz",
      "integrity": "sha1-DNkKVhCT810KmSVsIrcGlDP60Rc=",
      "requires": {
        "kind-of": "3.2.2",
        "longest": "1.0.1",
        "repeat-string": "1.6.1"
      }
    },
    "amdefine": {
      "version": "1.0.1",
      "resolved": "https://registry.npmjs.org/amdefine/-/amdefine-1.0.1.tgz",
      "integrity": "sha1-SlKCrBZHKek2Gbz9OtFR+BfOkfU="
    },
    "apparatus": {
      "version": "https://registry.npmjs.org/apparatus/-/apparatus-0.0.9.tgz",
      "integrity": "sha1-N9zSWDStC2UQdllikduCPusZCL0=",
      "requires": {
        "sylvester": "https://registry.npmjs.org/sylvester/-/sylvester-0.0.21.tgz"
      }
    },
    "asap": {
      "version": "2.0.6",
      "resolved": "https://registry.npmjs.org/asap/-/asap-2.0.6.tgz",
      "integrity": "sha1-5QNHYR1+aQlDIIu9r+vLwvuGbUY="
    },
    "async": {
      "version": "https://registry.npmjs.org/async/-/async-0.9.2.tgz",
      "integrity": "sha1-rqdNXmHB+JlhO/ZL2mbUx48v0X0="
    },
    "balanced-match": {
      "version": "https://registry.npmjs.org/balanced-match/-/balanced-match-0.4.2.tgz",
      "integrity": "sha1-yz8+PHMtwPAe5wtAPzAuYddwmDg="
    },
    "basic-auth": {
      "version": "https://registry.npmjs.org/basic-auth/-/basic-auth-1.0.4.tgz",
      "integrity": "sha1-Awk1sB3nyblKgksp8/zLdQ06UpA="
    },
    "bindings": {
      "version": "https://registry.npmjs.org/bindings/-/bindings-1.3.0.tgz",
      "integrity": "sha1-s0b27PapX1qBXFg5/HzbIlAvHtc=",
      "optional": true
    },
    "block-stream": {
      "version": "https://registry.npmjs.org/block-stream/-/block-stream-0.0.9.tgz",
      "integrity": "sha1-E+v+d4oDIFz+A3UUgeu0szAMEmo=",
      "requires": {
        "inherits": "https://registry.npmjs.org/inherits/-/inherits-2.0.3.tgz"
      }
    },
    "bluebird": {
      "version": "https://registry.npmjs.org/bluebird/-/bluebird-2.11.0.tgz",
      "integrity": "sha1-U0uQM8AiyVecVro7Plpcqvu2UOE="
    },
    "body-parser": {
      "version": "https://registry.npmjs.org/body-parser/-/body-parser-1.12.4.tgz",
      "integrity": "sha1-CQcAxLoohiqFIO83g5X97l9hwik=",
      "requires": {
        "bytes": "https://registry.npmjs.org/bytes/-/bytes-1.0.0.tgz",
        "content-type": "https://registry.npmjs.org/content-type/-/content-type-1.0.2.tgz",
        "debug": "https://registry.npmjs.org/debug/-/debug-2.2.0.tgz",
        "depd": "https://registry.npmjs.org/depd/-/depd-1.0.1.tgz",
        "iconv-lite": "https://registry.npmjs.org/iconv-lite/-/iconv-lite-0.4.8.tgz",
        "on-finished": "https://registry.npmjs.org/on-finished/-/on-finished-2.2.1.tgz",
        "qs": "https://registry.npmjs.org/qs/-/qs-2.4.2.tgz",
        "raw-body": "https://registry.npmjs.org/raw-body/-/raw-body-2.0.2.tgz",
        "type-is": "https://registry.npmjs.org/type-is/-/type-is-1.6.14.tgz"
      },
      "dependencies": {
        "debug": {
          "version": "https://registry.npmjs.org/debug/-/debug-2.2.0.tgz",
          "integrity": "sha1-+HBX6ZWxofauaklgZkE3vFbwOdo=",
          "requires": {
            "ms": "https://registry.npmjs.org/ms/-/ms-0.7.1.tgz"
          }
        }
      }
    },
    "brace-expansion": {
      "version": "https://registry.npmjs.org/brace-expansion/-/brace-expansion-1.1.6.tgz",
      "integrity": "sha1-cZfX6qm4fmSDkOph/GbIRCdCDfk=",
      "requires": {
        "balanced-match": "https://registry.npmjs.org/balanced-match/-/balanced-match-0.4.2.tgz",
        "concat-map": "https://registry.npmjs.org/concat-map/-/concat-map-0.0.1.tgz"
      }
    },
    "bson": {
      "version": "https://registry.npmjs.org/bson/-/bson-0.4.23.tgz",
      "integrity": "sha1-5louPHUH/63kEJvHV1p25Q+NqRU="
    },
    "bytes": {
      "version": "https://registry.npmjs.org/bytes/-/bytes-1.0.0.tgz",
      "integrity": "sha1-NWnt6Lo0MV+rmcPpLLBMciDeH6g="
    },
    "camelcase": {
      "version": "1.2.1",
      "resolved": "https://registry.npmjs.org/camelcase/-/camelcase-1.2.1.tgz",
      "integrity": "sha1-m7UwTS4LVmmLLHWLCKPqqdqlijk="
    },
    "center-align": {
      "version": "0.1.3",
      "resolved": "https://registry.npmjs.org/center-align/-/center-align-0.1.3.tgz",
      "integrity": "sha1-qg0yYptu6XIgBBHL1EYckHvCt60=",
      "requires": {
        "align-text": "0.1.4",
        "lazy-cache": "1.0.4"
      }
    },
    "character-parser": {
      "version": "2.2.0",
      "resolved": "https://registry.npmjs.org/character-parser/-/character-parser-2.2.0.tgz",
      "integrity": "sha1-x84o821LzZdE5f/CxfzeHHMmH8A=",
      "requires": {
        "is-regex": "1.0.4"
      }
    },
    "clean-css": {
      "version": "3.4.28",
      "resolved": "https://registry.npmjs.org/clean-css/-/clean-css-3.4.28.tgz",
      "integrity": "sha1-vxlF6C/ICPVWlebd6uwBQA79A/8=",
      "requires": {
        "commander": "2.8.1",
        "source-map": "0.4.4"
      },
      "dependencies": {
        "commander": {
          "version": "2.8.1",
          "resolved": "https://registry.npmjs.org/commander/-/commander-2.8.1.tgz",
          "integrity": "sha1-Br42f+v9oMMwqh4qBy09yXYkJdQ=",
          "requires": {
            "graceful-readlink": "https://registry.npmjs.org/graceful-readlink/-/graceful-readlink-1.0.1.tgz"
          }
        }
      }
    },
    "cliui": {
      "version": "2.1.0",
      "resolved": "https://registry.npmjs.org/cliui/-/cliui-2.1.0.tgz",
      "integrity": "sha1-S0dXYP+AJkx2LDoXGQMukcf+oNE=",
      "requires": {
        "center-align": "0.1.3",
        "right-align": "0.1.3",
        "wordwrap": "0.0.2"
      }
    },
    "clone": {
      "version": "https://registry.npmjs.org/clone/-/clone-1.0.2.tgz",
      "integrity": "sha1-Jgt6meux7f4kdTgXX3gyQ8sZ0Uk="
    },
    "commander": {
      "version": "https://registry.npmjs.org/commander/-/commander-2.7.1.tgz",
      "integrity": "sha1-XUGaK77Swy7j5Nypu0Wrg+zDBlo=",
      "requires": {
        "graceful-readlink": "https://registry.npmjs.org/graceful-readlink/-/graceful-readlink-1.0.1.tgz"
      }
    },
    "concat-map": {
      "version": "https://registry.npmjs.org/concat-map/-/concat-map-0.0.1.tgz",
      "integrity": "sha1-2Klr13/Wjfd5OnMDajug1UBdR3s="
    },
    "constantinople": {
      "version": "3.1.0",
      "resolved": "https://registry.npmjs.org/constantinople/-/constantinople-3.1.0.tgz",
      "integrity": "sha1-dWnKqKo/jVk11i4fqW+fcCzYHHk=",
      "requires": {
        "acorn": "3.3.0",
        "is-expression": "2.1.0"
      }
    },
    "content-disposition": {
      "version": "https://registry.npmjs.org/content-disposition/-/content-disposition-0.5.0.tgz",
      "integrity": "sha1-QoT+auBjCHRjnkToCkGMKTQTXp4="
    },
    "content-type": {
      "version": "https://registry.npmjs.org/content-type/-/content-type-1.0.2.tgz",
      "integrity": "sha1-t9ETrueo3Se9IRM8TcJSnfFyHu0="
    },
    "cookie": {
      "version": "https://registry.npmjs.org/cookie/-/cookie-0.1.3.tgz",
      "integrity": "sha1-5zSlwUF/zkctWu+Cw4HKu2TRpDU="
    },
    "cookie-parser": {
      "version": "https://registry.npmjs.org/cookie-parser/-/cookie-parser-1.3.5.tgz",
      "integrity": "sha1-nXVVcPtdF4kHcSJ6AjFNm+fPg1Y=",
      "requires": {
        "cookie": "https://registry.npmjs.org/cookie/-/cookie-0.1.3.tgz",
        "cookie-signature": "https://registry.npmjs.org/cookie-signature/-/cookie-signature-1.0.6.tgz"
      }
    },
    "cookie-signature": {
      "version": "https://registry.npmjs.org/cookie-signature/-/cookie-signature-1.0.6.tgz",
      "integrity": "sha1-4wOogrNCzD7oylE6eZmXNNqzriw="
    },
    "core-util-is": {
      "version": "https://registry.npmjs.org/core-util-is/-/core-util-is-1.0.2.tgz",
      "integrity": "sha1-tf1UIgqivFq1eqtxQMlAdUUDwac="
    },
    "crc": {
      "version": "https://registry.npmjs.org/crc/-/crc-3.2.1.tgz",
      "integrity": "sha1-XZyPt3okXNXsopHl0tAFM0urAII="
    },
    "debug": {
      "version": "https://registry.npmjs.org/debug/-/debug-2.1.3.tgz",
      "integrity": "sha1-zoqxte6PvuK/o7Yzyrk9NmtjQY4=",
      "requires": {
        "ms": "https://registry.npmjs.org/ms/-/ms-0.7.0.tgz"
      },
      "dependencies": {
        "ms": {
          "version": "https://registry.npmjs.org/ms/-/ms-0.7.0.tgz",
          "integrity": "sha1-hlvpTC5zl62KV9pqYzpuLzB5i4M="
        }
      }
    },
    "decamelize": {
      "version": "1.2.0",
      "resolved": "https://registry.npmjs.org/decamelize/-/decamelize-1.2.0.tgz",
      "integrity": "sha1-9lNNFRSCabIDUue+4m9QH5oZEpA="
    },
    "depd": {
      "version": "https://registry.npmjs.org/depd/-/depd-1.0.1.tgz",
      "integrity": "sha1-gK7GTJ1tl+ZcwqnKqTwKpqv3Oqo="
    },
    "destroy": {
      "version": "https://registry.npmjs.org/destroy/-/destroy-1.0.3.tgz",
      "integrity": "sha1-tDO0ck5x/YVR2YhRdIUcX8N34sk="
    },
    "doctypes": {
      "version": "1.1.0",
      "resolved": "https://registry.npmjs.org/doctypes/-/doctypes-1.1.0.tgz",
      "integrity": "sha1-6oCxBqh1OHdOijpKWv4pPeSJ4Kk="
    },
    "ee-first": {
      "version": "https://registry.npmjs.org/ee-first/-/ee-first-1.1.0.tgz",
      "integrity": "sha1-ag18YiHkkP7v2S7D9EHJzozQl/Q="
    },
    "es6-promise": {
      "version": "https://registry.npmjs.org/es6-promise/-/es6-promise-3.0.2.tgz",
      "integrity": "sha1-AQ1YWEI6XxGJeWZfRkhqlcbuK7Y="
    },
    "es6-shim": {
      "version": "https://registry.npmjs.org/es6-shim/-/es6-shim-0.22.2.tgz",
      "integrity": "sha1-Sv58VLuSsXjl1GTdXZwxxXQtdSE="
    },
    "escape-html": {
      "version": "https://registry.npmjs.org/escape-html/-/escape-html-1.0.1.tgz",
      "integrity": "sha1-GBoobq05ejmpKFfPsdQwUuNWv/A="
    },
    "etag": {
      "version": "https://registry.npmjs.org/etag/-/etag-1.6.0.tgz",
      "integrity": "sha1-i8ssavElTEgd/IuZfJBu9ORCwgc=",
      "requires": {
        "crc": "https://registry.npmjs.org/crc/-/crc-3.2.1.tgz"
      }
    },
    "express": {
      "version": "https://registry.npmjs.org/express/-/express-4.12.4.tgz",
      "integrity": "sha1-j+wlECVbxrLlgQfEgjnA+jB8GqI=",
      "requires": {
        "accepts": "https://registry.npmjs.org/accepts/-/accepts-1.2.13.tgz",
        "content-disposition": "https://registry.npmjs.org/content-disposition/-/content-disposition-0.5.0.tgz",
        "content-type": "https://registry.npmjs.org/content-type/-/content-type-1.0.2.tgz",
        "cookie": "https://registry.npmjs.org/cookie/-/cookie-0.1.2.tgz",
        "cookie-signature": "https://registry.npmjs.org/cookie-signature/-/cookie-signature-1.0.6.tgz",
        "debug": "https://registry.npmjs.org/debug/-/debug-2.2.0.tgz",
        "depd": "https://registry.npmjs.org/depd/-/depd-1.0.1.tgz",
        "escape-html": "https://registry.npmjs.org/escape-html/-/escape-html-1.0.1.tgz",
        "etag": "https://registry.npmjs.org/etag/-/etag-1.6.0.tgz",
        "finalhandler": "https://registry.npmjs.org/finalhandler/-/finalhandler-0.3.6.tgz",
        "fresh": "https://registry.npmjs.org/fresh/-/fresh-0.2.4.tgz",
        "merge-descriptors": "https://registry.npmjs.org/merge-descriptors/-/merge-descriptors-1.0.0.tgz",
        "methods": "https://registry.npmjs.org/methods/-/methods-1.1.2.tgz",
        "on-finished": "https://registry.npmjs.org/on-finished/-/on-finished-2.2.1.tgz",
        "parseurl": "https://registry.npmjs.org/parseurl/-/parseurl-1.3.1.tgz",
        "path-to-regexp": "https://registry.npmjs.org/path-to-regexp/-/path-to-regexp-0.1.3.tgz",
        "proxy-addr": "https://registry.npmjs.org/proxy-addr/-/proxy-addr-1.0.10.tgz",
        "qs": "https://registry.npmjs.org/qs/-/qs-2.4.2.tgz",
        "range-parser": "https://registry.npmjs.org/range-parser/-/range-parser-1.0.3.tgz",
        "send": "https://registry.npmjs.org/send/-/send-0.12.3.tgz",
        "serve-static": "https://registry.npmjs.org/serve-static/-/serve-static-1.9.3.tgz",
        "type-is": "https://registry.npmjs.org/type-is/-/type-is-1.6.14.tgz",
        "utils-merge": "https://registry.npmjs.org/utils-merge/-/utils-merge-1.0.0.tgz",
        "vary": "https://registry.npmjs.org/vary/-/vary-1.0.1.tgz"
      },
      "dependencies": {
        "cookie": {
          "version": "https://registry.npmjs.org/cookie/-/cookie-0.1.2.tgz",
          "integrity": "sha1-cv7D0k5Io0Mgc9kMEmQgBQYQBLE="
        },
        "debug": {
          "version": "https://registry.npmjs.org/debug/-/debug-2.2.0.tgz",
          "integrity": "sha1-+HBX6ZWxofauaklgZkE3vFbwOdo=",
          "requires": {
            "ms": "https://registry.npmjs.org/ms/-/ms-0.7.1.tgz"
          }
        }
      }
    },
    "finalhandler": {
      "version": "https://registry.npmjs.org/finalhandler/-/finalhandler-0.3.6.tgz",
      "integrity": "sha1-2vnEFhsbBuABRmsUEd/baXO+E4s=",
      "requires": {
        "debug": "https://registry.npmjs.org/debug/-/debug-2.2.0.tgz",
        "escape-html": "https://registry.npmjs.org/escape-html/-/escape-html-1.0.1.tgz",
        "on-finished": "https://registry.npmjs.org/on-finished/-/on-finished-2.2.1.tgz"
      },
      "dependencies": {
        "debug": {
          "version": "https://registry.npmjs.org/debug/-/debug-2.2.0.tgz",
          "integrity": "sha1-+HBX6ZWxofauaklgZkE3vFbwOdo=",
          "requires": {
            "ms": "https://registry.npmjs.org/ms/-/ms-0.7.1.tgz"
          }
        }
      }
    },
    "forwarded": {
      "version": "https://registry.npmjs.org/forwarded/-/forwarded-0.1.0.tgz",
      "integrity": "sha1-Ge+YdMSuHCl7zweP3mOgm2aoQ2M="
    },
    "fresh": {
      "version": "https://registry.npmjs.org/fresh/-/fresh-0.2.4.tgz",
      "integrity": "sha1-NYJJkgbJcjcUGQ7ddLRgT+tKYUw="
    },
    "fs.realpath": {
      "version": "https://registry.npmjs.org/fs.realpath/-/fs.realpath-1.0.0.tgz",
      "integrity": "sha1-FQStJSMVjKpA20onh8sBQRmU6k8="
    },
    "fstream": {
      "version": "https://registry.npmjs.org/fstream/-/fstream-1.0.10.tgz",
      "integrity": "sha1-YE6Kkv4m/9n2+uMDmdSYThqyKCI=",
      "requires": {
        "graceful-fs": "https://registry.npmjs.org/graceful-fs/-/graceful-fs-4.1.11.tgz",
        "inherits": "https://registry.npmjs.org/inherits/-/inherits-2.0.3.tgz",
        "mkdirp": "https://registry.npmjs.org/mkdirp/-/mkdirp-0.5.1.tgz",
        "rimraf": "https://registry.npmjs.org/rimraf/-/rimraf-2.5.4.tgz"
      }
    },
    "function-bind": {
      "version": "1.1.1",
      "resolved": "https://registry.npmjs.org/function-bind/-/function-bind-1.1.1.tgz",
      "integrity": "sha512-yIovAzMX49sF8Yl58fSCWJ5svSLuaibPxXQJFLmBObTuCr0Mf1KiPopGM9NiFjiYBCbfaa2Fh6breQ6ANVTI0A=="
    },
    "glob": {
      "version": "https://registry.npmjs.org/glob/-/glob-7.1.1.tgz",
      "integrity": "sha1-gFIR3wT6rxxjo2ADBs31reULLsg=",
      "requires": {
        "fs.realpath": "https://registry.npmjs.org/fs.realpath/-/fs.realpath-1.0.0.tgz",
        "inflight": "https://registry.npmjs.org/inflight/-/inflight-1.0.6.tgz",
        "inherits": "https://registry.npmjs.org/inherits/-/inherits-2.0.3.tgz",
        "minimatch": "https://registry.npmjs.org/minimatch/-/minimatch-3.0.3.tgz",
        "once": "https://registry.npmjs.org/once/-/once-1.4.0.tgz",
        "path-is-absolute": "https://registry.npmjs.org/path-is-absolute/-/path-is-absolute-1.0.1.tgz"
      }
    },
    "graceful-fs": {
      "version": "https://registry.npmjs.org/graceful-fs/-/graceful-fs-4.1.11.tgz",
      "integrity": "sha1-Dovf5NHduIVNZOBOp8AOKgJuVlg="
    },
    "graceful-readlink": {
      "version": "https://registry.npmjs.org/graceful-readlink/-/graceful-readlink-1.0.1.tgz",
      "integrity": "sha1-TK+tdrxi8C+gObL5Tpo906ORpyU="
    },
    "has": {
      "version": "1.0.1",
      "resolved": "https://registry.npmjs.org/has/-/has-1.0.1.tgz",
      "integrity": "sha1-hGFzP1OLCDfJNh45qauelwTcLyg=",
      "requires": {
        "function-bind": "1.1.1"
      }
    },
    "iconv-lite": {
      "version": "https://registry.npmjs.org/iconv-lite/-/iconv-lite-0.4.8.tgz",
      "integrity": "sha1-xgGadZXyzvynAuq2lKAQvNkpjSA="
    },
    "inflight": {
      "version": "https://registry.npmjs.org/inflight/-/inflight-1.0.6.tgz",
      "integrity": "sha1-Sb1jMdfQLQwJvJEKEHW6gWW1bfk=",
      "requires": {
        "once": "https://registry.npmjs.org/once/-/once-1.4.0.tgz",
        "wrappy": "https://registry.npmjs.org/wrappy/-/wrappy-1.0.2.tgz"
      }
    },
    "inherits": {
      "version": "https://registry.npmjs.org/inherits/-/inherits-2.0.3.tgz",
      "integrity": "sha1-Yzwsg+PaQqUC9SRmAiSA9CCCYd4="
    },
    "ipaddr.js": {
      "version": "https://registry.npmjs.org/ipaddr.js/-/ipaddr.js-1.0.5.tgz",
      "integrity": "sha1-X6eM8wG4JceKvDBC2BJyMEnqI8c="
    },
    "is-buffer": {
      "version": "1.1.6",
      "resolved": "https://registry.npmjs.org/is-buffer/-/is-buffer-1.1.6.tgz",
      "integrity": "sha512-NcdALwpXkTm5Zvvbk7owOUSvVvBKDgKP5/ewfXEznmQFfs4ZRmanOeKBTjRVjka3QFoN6XJ+9F3USqfHqTaU5w=="
    },
    "is-expression": {
      "version": "2.1.0",
      "resolved": "https://registry.npmjs.org/is-expression/-/is-expression-2.1.0.tgz",
      "integrity": "sha1-kb6dR968/vB3l36XIr5tz7RGXvA=",
      "requires": {
        "acorn": "3.3.0",
        "object-assign": "4.1.1"
      }
    },
    "is-promise": {
      "version": "2.1.0",
      "resolved": "https://registry.npmjs.org/is-promise/-/is-promise-2.1.0.tgz",
      "integrity": "sha1-eaKp7OfwlugPNtKy87wWwf9L8/o="
    },
    "is-regex": {
      "version": "1.0.4",
      "resolved": "https://registry.npmjs.org/is-regex/-/is-regex-1.0.4.tgz",
      "integrity": "sha1-VRdIm1RwkbCTDglWVM7SXul+lJE=",
      "requires": {
        "has": "1.0.1"
      }
    },
    "isarray": {
      "version": "https://registry.npmjs.org/isarray/-/isarray-0.0.1.tgz",
      "integrity": "sha1-ihis/Kmo9Bd+Cav8YDiTmwXR7t8="
    },
    "js-stringify": {
      "version": "1.0.2",
      "resolved": "https://registry.npmjs.org/js-stringify/-/js-stringify-1.0.2.tgz",
      "integrity": "sha1-Fzb939lyTyijaCrcYjCufk6Weds="
    },
    "jstransformer": {
      "version": "0.0.3",
      "resolved": "https://registry.npmjs.org/jstransformer/-/jstransformer-0.0.3.tgz",
      "integrity": "sha1-NHSVvT/hz+jwPi1xV4rLkCSCbPU=",
      "requires": {
        "is-promise": "2.1.0",
        "promise": "7.3.1"
      }
    },
    "kind-of": {
      "version": "3.2.2",
      "resolved": "https://registry.npmjs.org/kind-of/-/kind-of-3.2.2.tgz",
      "integrity": "sha1-MeohpzS6ubuw8yRm2JOupR5KPGQ=",
      "requires": {
        "is-buffer": "1.1.6"
      }
    },
    "lazy-cache": {
      "version": "1.0.4",
      "resolved": "https://registry.npmjs.org/lazy-cache/-/lazy-cache-1.0.4.tgz",
      "integrity": "sha1-odePw6UEdMuAhF07O24dpJpEbo4="
    },
    "lodash": {
      "version": "https://registry.npmjs.org/lodash/-/lodash-4.17.4.tgz",
      "integrity": "sha1-eCA6TRwyiuHYbcpkYONptX9AVa4="
    },
    "longest": {
      "version": "1.0.1",
      "resolved": "https://registry.npmjs.org/longest/-/longest-1.0.1.tgz",
      "integrity": "sha1-MKCy2jj3N3DoKUoNIuZiXtd9AJc="
    },
    "lru-cache": {
      "version": "https://registry.npmjs.org/lru-cache/-/lru-cache-2.7.3.tgz",
      "integrity": "sha1-bUUk6LlV+V1PW1iFHOId1y+06VI="
    },
    "media-typer": {
      "version": "https://registry.npmjs.org/media-typer/-/media-typer-0.3.0.tgz",
      "integrity": "sha1-hxDXrwqmJvj/+hzgAWhUUmMlV0g="
    },
    "merge-descriptors": {
      "version": "https://registry.npmjs.org/merge-descriptors/-/merge-descriptors-1.0.0.tgz",
      "integrity": "sha1-IWnPdTjhsMyH+4jhUC2EdLv3mGQ="
    },
    "methods": {
      "version": "https://registry.npmjs.org/methods/-/methods-1.1.2.tgz",
      "integrity": "sha1-VSmk1nZUE07cxSZmVoNbD4Ua/O4="
    },
    "mime": {
      "version": "https://registry.npmjs.org/mime/-/mime-1.3.4.tgz",
      "integrity": "sha1-EV+eO2s9rylZmDyzjxSaLUDrXVM="
    },
    "mime-db": {
      "version": "https://registry.npmjs.org/mime-db/-/mime-db-1.26.0.tgz",
      "integrity": "sha1-6v/NDk/Gk1z4E02iRuLmw1MFrf8="
    },
    "mime-types": {
      "version": "https://registry.npmjs.org/mime-types/-/mime-types-2.1.14.tgz",
      "integrity": "sha1-9+99l1g/yvO30oK2+LVnnaselO4=",
      "requires": {
        "mime-db": "https://registry.npmjs.org/mime-db/-/mime-db-1.26.0.tgz"
      }
    },
    "minimatch": {
      "version": "https://registry.npmjs.org/minimatch/-/minimatch-3.0.3.tgz",
      "integrity": "sha1-Kk5AkLlrLbBqnX3wEFWmKnfJt3Q=",
      "requires": {
        "brace-expansion": "https://registry.npmjs.org/brace-expansion/-/brace-expansion-1.1.6.tgz"
      }
    },
    "minimist": {
      "version": "https://registry.npmjs.org/minimist/-/minimist-0.0.8.tgz",
      "integrity": "sha1-hX/Kv8M5fSYluCKCYuhqp6ARsF0="
    },
    "minipass": {
      "version": "https://registry.npmjs.org/minipass/-/minipass-2.2.1.tgz",
      "integrity": "sha1-WtqXU4sQJ7TPchNDJChXjLVkAR8=",
      "requires": {
        "yallist": "https://registry.npmjs.org/yallist/-/yallist-3.0.2.tgz"
      }
    },
    "minizlib": {
      "version": "https://registry.npmjs.org/minizlib/-/minizlib-1.0.3.tgz",
      "integrity": "sha1-1cGr93vhVGGZUuJTM27Mq5sqMvU=",
      "requires": {
        "minipass": "https://registry.npmjs.org/minipass/-/minipass-2.2.1.tgz"
      }
    },
    "mkdirp": {
      "version": "https://registry.npmjs.org/mkdirp/-/mkdirp-0.5.1.tgz",
      "integrity": "sha1-MAV0OOrGz3+MR2fzhkjWaX11yQM=",
      "requires": {
        "minimist": "https://registry.npmjs.org/minimist/-/minimist-0.0.8.tgz"
      }
    },
    "mongodb": {
      "version": "https://registry.npmjs.org/mongodb/-/mongodb-2.1.4.tgz",
      "integrity": "sha1-ZS2HIP9/W8VixHPMsMkNeJN5pKM=",
      "requires": {
        "es6-promise": "https://registry.npmjs.org/es6-promise/-/es6-promise-3.0.2.tgz",
        "mongodb-core": "https://registry.npmjs.org/mongodb-core/-/mongodb-core-1.2.32.tgz",
        "readable-stream": "https://registry.npmjs.org/readable-stream/-/readable-stream-1.0.31.tgz"
      }
    },
    "mongodb-core": {
      "version": "https://registry.npmjs.org/mongodb-core/-/mongodb-core-1.2.32.tgz",
      "integrity": "sha1-7W5UIv7K4QwOeXELEFEhuakuw9Q=",
      "requires": {
        "bson": "https://registry.npmjs.org/bson/-/bson-0.4.23.tgz"
      }
    },
    "morgan": {
      "version": "https://registry.npmjs.org/morgan/-/morgan-1.5.3.tgz",
      "integrity": "sha1-ittOcvnlxUNuXZP0KRCDX3nan98=",
      "requires": {
        "basic-auth": "https://registry.npmjs.org/basic-auth/-/basic-auth-1.0.4.tgz",
        "debug": "https://registry.npmjs.org/debug/-/debug-2.2.0.tgz",
        "depd": "https://registry.npmjs.org/depd/-/depd-1.0.1.tgz",
        "on-finished": "https://registry.npmjs.org/on-finished/-/on-finished-2.2.1.tgz"
      },
      "dependencies": {
        "debug": {
          "version": "https://registry.npmjs.org/debug/-/debug-2.2.0.tgz",
          "integrity": "sha1-+HBX6ZWxofauaklgZkE3vFbwOdo=",
          "requires": {
            "ms": "https://registry.npmjs.org/ms/-/ms-0.7.1.tgz"
          }
        }
      }
    },
    "ms": {
      "version": "https://registry.npmjs.org/ms/-/ms-0.7.1.tgz",
      "integrity": "sha1-nNE8A62/8ltl7/3nzoZO6VIBcJg="
    },
    "nan": {
      "version": "https://registry.npmjs.org/nan/-/nan-2.6.2.tgz",
      "integrity": "sha1-5P805slf37WuzAjeZZb0NgWn20U=",
      "optional": true
    },
    "natural": {
      "version": "https://registry.npmjs.org/natural/-/natural-0.5.4.tgz",
      "integrity": "sha1-rOQcFlXayikS37+ZrXsFMU4gX1Q=",
      "requires": {
        "apparatus": "https://registry.npmjs.org/apparatus/-/apparatus-0.0.9.tgz",
        "sylvester": "https://registry.npmjs.org/sylvester/-/sylvester-0.0.21.tgz",
        "underscore": "https://registry.npmjs.org/underscore/-/underscore-1.8.3.tgz",
        "webworker-threads": "https://registry.npmjs.org/webworker-threads/-/webworker-threads-0.7.12.tgz"
      }
    },
    "negotiator": {
      "version": "https://registry.npmjs.org/negotiator/-/negotiator-0.5.3.tgz",
      "integrity": "sha1-Jp1cR2gQ7JLtvntsLygxY4T5p+g="
    },
    "node-cache": {
      "version": "https://registry.npmjs.org/node-cache/-/node-cache-3.0.0.tgz",
      "integrity": "sha1-5R6AXfOROgGuhuLQO+vle7QdO8I=",
      "requires": {
        "clone": "https://registry.npmjs.org/clone/-/clone-1.0.2.tgz",
        "lodash": "https://registry.npmjs.org/lodash/-/lodash-3.10.1.tgz"
      },
      "dependencies": {
        "lodash": {
          "version": "https://registry.npmjs.org/lodash/-/lodash-3.10.1.tgz",
          "integrity": "sha1-W/Rejkm6QYnhfUgnid/RW9FAt7Y="
        }
      }
    },
    "node-wordnet": {
      "version": "https://registry.npmjs.org/node-wordnet/-/node-wordnet-0.1.12.tgz",
      "integrity": "sha1-YrBWj138GIvQLRNs9zCDKVL6nBs=",
      "requires": {
        "async": "https://registry.npmjs.org/async/-/async-0.9.2.tgz",
        "bluebird": "https://registry.npmjs.org/bluebird/-/bluebird-2.11.0.tgz",
        "es6-shim": "https://registry.npmjs.org/es6-shim/-/es6-shim-0.22.2.tgz",
        "lru-cache": "https://registry.npmjs.org/lru-cache/-/lru-cache-2.7.3.tgz"
      }
    },
    "object-assign": {
      "version": "4.1.1",
      "resolved": "https://registry.npmjs.org/object-assign/-/object-assign-4.1.1.tgz",
      "integrity": "sha1-IQmtx5ZYh8/AXLvUQsrIv7s2CGM="
    },
    "on-finished": {
      "version": "https://registry.npmjs.org/on-finished/-/on-finished-2.2.1.tgz",
      "integrity": "sha1-XIXBzDYpn3gCllP2Z/J7a5nrwCk=",
      "requires": {
        "ee-first": "https://registry.npmjs.org/ee-first/-/ee-first-1.1.0.tgz"
      }
    },
    "once": {
      "version": "https://registry.npmjs.org/once/-/once-1.4.0.tgz",
      "integrity": "sha1-WDsap3WWHUsROsF9nFC6753Xa9E=",
      "requires": {
        "wrappy": "https://registry.npmjs.org/wrappy/-/wrappy-1.0.2.tgz"
      }
    },
    "parseurl": {
      "version": "https://registry.npmjs.org/parseurl/-/parseurl-1.3.1.tgz",
      "integrity": "sha1-yKuMkiO6NIiKpkopeyiFO+wY2lY="
    },
    "path-is-absolute": {
      "version": "https://registry.npmjs.org/path-is-absolute/-/path-is-absolute-1.0.1.tgz",
      "integrity": "sha1-F0uSaHNVNP+8es5r9TpanhtcX18="
    },
    "path-parse": {
      "version": "1.0.5",
      "resolved": "https://registry.npmjs.org/path-parse/-/path-parse-1.0.5.tgz",
      "integrity": "sha1-PBrfhx6pzWyUMbbqK9dKD/BVxME="
    },
    "path-to-regexp": {
      "version": "https://registry.npmjs.org/path-to-regexp/-/path-to-regexp-0.1.3.tgz",
      "integrity": "sha1-IbmrgidCed4lsVbqCP0SylG4rss="
    },
    "performance-now": {
      "version": "2.1.0",
      "resolved": "https://registry.npmjs.org/performance-now/-/performance-now-2.1.0.tgz",
      "integrity": "sha1-Ywn04OX6kT7BxpMHrjZLSzd8nns="
    },
    "promise": {
      "version": "7.3.1",
      "resolved": "https://registry.npmjs.org/promise/-/promise-7.3.1.tgz",
      "integrity": "sha512-nolQXZ/4L+bP/UGlkfaIujX9BKxGwmQ9OT4mOt5yvy8iK1h3wqTEJCijzGANTCCl9nWjY41juyAn2K3Q1hLLTg==",
      "requires": {
        "asap": "2.0.6"
      }
    },
    "proxy-addr": {
      "version": "https://registry.npmjs.org/proxy-addr/-/proxy-addr-1.0.10.tgz",
      "integrity": "sha1-DUCoL4Afw1VWfS7LZe/j8HfxIcU=",
      "requires": {
        "forwarded": "https://registry.npmjs.org/forwarded/-/forwarded-0.1.0.tgz",
        "ipaddr.js": "https://registry.npmjs.org/ipaddr.js/-/ipaddr.js-1.0.5.tgz"
      }
    },
    "pug": {
      "version": "2.0.0-alpha6",
      "resolved": "https://registry.npmjs.org/pug/-/pug-2.0.0-alpha6.tgz",
      "integrity": "sha1-hViziKghLIx16qPvt7ET34YVNb8=",
      "requires": {
        "pug-code-gen": "0.0.7",
        "pug-filters": "1.2.1",
        "pug-lexer": "1.0.1",
        "pug-linker": "0.0.4",
        "pug-loader": "1.0.2",
        "pug-parser": "1.0.0",
        "pug-runtime": "2.0.1",
        "pug-strip-comments": "0.0.1"
      }
    },
    "pug-attrs": {
      "version": "2.0.2",
      "resolved": "https://registry.npmjs.org/pug-attrs/-/pug-attrs-2.0.2.tgz",
      "integrity": "sha1-i+KyIlVo/6ddG4Zpgr/59BEa/8s=",
      "requires": {
        "constantinople": "3.1.0",
        "js-stringify": "1.0.2",
        "pug-runtime": "2.0.3"
      },
      "dependencies": {
        "pug-runtime": {
          "version": "2.0.3",
          "resolved": "https://registry.npmjs.org/pug-runtime/-/pug-runtime-2.0.3.tgz",
          "integrity": "sha1-mBYmB7D86eJU1CfzOYelrucWi9o="
        }
      }
    },
    "pug-code-gen": {
      "version": "0.0.7",
      "resolved": "https://registry.npmjs.org/pug-code-gen/-/pug-code-gen-0.0.7.tgz",
      "integrity": "sha1-pXRnWfV+CZ5KF+99MnmKCgAiEHo=",
      "requires": {
        "constantinople": "3.1.0",
        "doctypes": "1.1.0",
        "js-stringify": "1.0.2",
        "pug-attrs": "2.0.2",
        "pug-error": "1.3.2",
        "pug-runtime": "2.0.1",
        "void-elements": "2.0.1",
        "with": "5.1.1"
      }
    },
    "pug-error": {
      "version": "1.3.2",
      "resolved": "https://registry.npmjs.org/pug-error/-/pug-error-1.3.2.tgz",
      "integrity": "sha1-U659nSm7A89WRJOgJhCfVMR/XyY="
    },
    "pug-filters": {
      "version": "1.2.1",
      "resolved": "https://registry.npmjs.org/pug-filters/-/pug-filters-1.2.1.tgz",
      "integrity": "sha1-8Ltdd7Wq6fWCOQdaf4bmX5kCZjQ=",
      "requires": {
        "clean-css": "3.4.28",
        "constantinople": "3.1.0",
        "jstransformer": "0.0.3",
        "pug-error": "1.3.2",
        "pug-walk": "0.0.3",
        "resolve": "1.5.0",
        "uglify-js": "2.8.29"
      }
    },
    "pug-lexer": {
      "version": "1.0.1",
      "resolved": "https://registry.npmjs.org/pug-lexer/-/pug-lexer-1.0.1.tgz",
      "integrity": "sha1-Narh8JC0ejJSJGW0S4oB5HcX/Qs=",
      "requires": {
        "character-parser": "2.2.0",
        "is-expression": "2.1.0",
        "pug-error": "1.3.2"
      }
    },
    "pug-linker": {
      "version": "0.0.4",
      "resolved": "https://registry.npmjs.org/pug-linker/-/pug-linker-0.0.4.tgz",
      "integrity": "sha1-65p4Wyqa5KbkLq+f1jfMrmt7MEY=",
      "requires": {
        "pug-error": "1.3.2",
        "pug-walk": "0.0.3"
      }
    },
    "pug-loader": {
      "version": "1.0.2",
      "resolved": "https://registry.npmjs.org/pug-loader/-/pug-loader-1.0.2.tgz",
      "integrity": "sha1-WovuG4G9Z4HjwLWgaMcixshY+UY=",
      "requires": {
        "pug-walk": "0.0.3"
      }
    },
    "pug-parser": {
      "version": "1.0.0",
      "resolved": "https://registry.npmjs.org/pug-parser/-/pug-parser-1.0.0.tgz",
      "integrity": "sha1-Cc9JvzUH8CQ/6VDP6q5cXt9m9CU=",
      "requires": {
        "pug-error": "1.3.2",
        "token-stream": "0.0.1"
      }
    },
    "pug-runtime": {
      "version": "2.0.1",
      "resolved": "https://registry.npmjs.org/pug-runtime/-/pug-runtime-2.0.1.tgz",
      "integrity": "sha1-fO+4t8R3KkvsooOAUar3023oxTY="
    },
    "pug-strip-comments": {
      "version": "0.0.1",
      "resolved": "https://registry.npmjs.org/pug-strip-comments/-/pug-strip-comments-0.0.1.tgz",
      "integrity": "sha1-rDRrt3PYJJK/ki2uLUaBogzwY48=",
      "requires": {
        "pug-error": "0.0.0"
      },
      "dependencies": {
        "pug-error": {
          "version": "0.0.0",
          "resolved": "https://registry.npmjs.org/pug-error/-/pug-error-0.0.0.tgz",
          "integrity": "sha1-3SZKOcINZUh9+F/1ZjCXhioW23g="
        }
      }
    },
    "pug-walk": {
      "version": "0.0.3",
      "resolved": "https://registry.npmjs.org/pug-walk/-/pug-walk-0.0.3.tgz",
      "integrity": "sha1-wovnvMVA8kuD0nRHJBCCfITjGsY="
    },
    "qs": {
      "version": "https://registry.npmjs.org/qs/-/qs-2.4.2.tgz",
      "integrity": "sha1-9854jld33wtQENp/fE5zujJHD1o="
    },
    "range-parser": {
      "version": "https://registry.npmjs.org/range-parser/-/range-parser-1.0.3.tgz",
      "integrity": "sha1-aHKCNTXGkuLCoBA4Jq/YLC4P8XU="
    },
    "raw-body": {
      "version": "https://registry.npmjs.org/raw-body/-/raw-body-2.0.2.tgz",
      "integrity": "sha1-osL5jIUxzumcY9jSOLfel7tln8o=",
      "requires": {
        "bytes": "https://registry.npmjs.org/bytes/-/bytes-2.1.0.tgz",
        "iconv-lite": "https://registry.npmjs.org/iconv-lite/-/iconv-lite-0.4.8.tgz"
      },
      "dependencies": {
        "bytes": {
          "version": "https://registry.npmjs.org/bytes/-/bytes-2.1.0.tgz",
          "integrity": "sha1-rJPEEOL/ycx89LRks4KJBn9eR7Q="
        }
      }
    },
    "readable-stream": {
      "version": "https://registry.npmjs.org/readable-stream/-/readable-stream-1.0.31.tgz",
      "integrity": "sha1-jyUC4LyeOw2huUUgqrtOJgPsr64=",
      "requires": {
        "core-util-is": "https://registry.npmjs.org/core-util-is/-/core-util-is-1.0.2.tgz",
        "inherits": "https://registry.npmjs.org/inherits/-/inherits-2.0.3.tgz",
        "isarray": "https://registry.npmjs.org/isarray/-/isarray-0.0.1.tgz",
        "string_decoder": "https://registry.npmjs.org/string_decoder/-/string_decoder-0.10.31.tgz"
      }
    },
    "repeat-string": {
      "version": "1.6.1",
      "resolved": "https://registry.npmjs.org/repeat-string/-/repeat-string-1.6.1.tgz",
      "integrity": "sha1-jcrkcOHIirwtYA//Sndihtp15jc="
    },
    "resolve": {
      "version": "1.5.0",
      "resolved": "https://registry.npmjs.org/resolve/-/resolve-1.5.0.tgz",
      "integrity": "sha512-hgoSGrc3pjzAPHNBg+KnFcK2HwlHTs/YrAGUr6qgTVUZmXv1UEXXl0bZNBKMA9fud6lRYFdPGz0xXxycPzmmiw==",
      "requires": {
        "path-parse": "1.0.5"
      }
    },
    "right-align": {
      "version": "0.1.3",
      "resolved": "https://registry.npmjs.org/right-align/-/right-align-0.1.3.tgz",
      "integrity": "sha1-YTObci/mo1FWiSENJOFMlhSGE+8=",
      "requires": {
        "align-text": "0.1.4"
      }
    },
    "rimraf": {
      "version": "https://registry.npmjs.org/rimraf/-/rimraf-2.5.4.tgz",
      "integrity": "sha1-loAAk8vxoMhr2VtGJUZ1NcKd+gQ=",
      "requires": {
        "glob": "https://registry.npmjs.org/glob/-/glob-7.1.1.tgz"
      }
    },
    "send": {
      "version": "https://registry.npmjs.org/send/-/send-0.12.3.tgz",
      "integrity": "sha1-zRLcWP3iHk+RkCs5sv2gWnptm9w=",
      "requires": {
        "debug": "https://registry.npmjs.org/debug/-/debug-2.2.0.tgz",
        "depd": "https://registry.npmjs.org/depd/-/depd-1.0.1.tgz",
        "destroy": "https://registry.npmjs.org/destroy/-/destroy-1.0.3.tgz",
        "escape-html": "https://registry.npmjs.org/escape-html/-/escape-html-1.0.1.tgz",
        "etag": "https://registry.npmjs.org/etag/-/etag-1.6.0.tgz",
        "fresh": "https://registry.npmjs.org/fresh/-/fresh-0.2.4.tgz",
        "mime": "https://registry.npmjs.org/mime/-/mime-1.3.4.tgz",
        "ms": "https://registry.npmjs.org/ms/-/ms-0.7.1.tgz",
        "on-finished": "https://registry.npmjs.org/on-finished/-/on-finished-2.2.1.tgz",
        "range-parser": "https://registry.npmjs.org/range-parser/-/range-parser-1.0.3.tgz"
      },
      "dependencies": {
        "debug": {
          "version": "https://registry.npmjs.org/debug/-/debug-2.2.0.tgz",
          "integrity": "sha1-+HBX6ZWxofauaklgZkE3vFbwOdo=",
          "requires": {
            "ms": "https://registry.npmjs.org/ms/-/ms-0.7.1.tgz"
          }
        }
      }
    },
    "serve-favicon": {
      "version": "https://registry.npmjs.org/serve-favicon/-/serve-favicon-2.2.1.tgz",
      "integrity": "sha1-2XuswVD2b+DlzEx4qEuhW65aWEo=",
      "requires": {
        "etag": "https://registry.npmjs.org/etag/-/etag-1.6.0.tgz",
        "fresh": "https://registry.npmjs.org/fresh/-/fresh-0.2.4.tgz",
        "ms": "https://registry.npmjs.org/ms/-/ms-0.7.1.tgz",
        "parseurl": "https://registry.npmjs.org/parseurl/-/parseurl-1.3.1.tgz"
      }
    },
    "serve-static": {
      "version": "https://registry.npmjs.org/serve-static/-/serve-static-1.9.3.tgz",
      "integrity": "sha1-X42gcyOtOF/z3FQfGnkXsuQ261c=",
      "requires": {
        "escape-html": "https://registry.npmjs.org/escape-html/-/escape-html-1.0.1.tgz",
        "parseurl": "https://registry.npmjs.org/parseurl/-/parseurl-1.3.1.tgz",
        "send": "https://registry.npmjs.org/send/-/send-0.12.3.tgz",
        "utils-merge": "https://registry.npmjs.org/utils-merge/-/utils-merge-1.0.0.tgz"
      }
    },
    "source-map": {
      "version": "0.4.4",
      "resolved": "https://registry.npmjs.org/source-map/-/source-map-0.4.4.tgz",
      "integrity": "sha1-66T12pwNyZneaAMti092FzZSA2s=",
      "requires": {
        "amdefine": "1.0.1"
      }
    },
    "string_decoder": {
      "version": "https://registry.npmjs.org/string_decoder/-/string_decoder-0.10.31.tgz",
      "integrity": "sha1-YuIDvEF2bGwoyfyEMB2rHFMQ+pQ="
    },
    "sylvester": {
      "version": "https://registry.npmjs.org/sylvester/-/sylvester-0.0.21.tgz",
      "integrity": "sha1-KYexzivS84sNzio0OIiEv6RADqc="
    },
    "tar": {
      "version": "https://registry.npmjs.org/tar/-/tar-2.2.1.tgz",
      "integrity": "sha1-jk0qJWwOIYXGsYrWlK7JaLg8sdE=",
      "requires": {
        "block-stream": "https://registry.npmjs.org/block-stream/-/block-stream-0.0.9.tgz",
        "fstream": "https://registry.npmjs.org/fstream/-/fstream-1.0.10.tgz",
        "inherits": "https://registry.npmjs.org/inherits/-/inherits-2.0.3.tgz"
      }
    },
    "thesaurus": {
      "version": "https://registry.npmjs.org/thesaurus/-/thesaurus-0.0.0.tgz",
      "integrity": "sha1-CjszVvwdgYxsFsI/Vrp/PFolyQU="
    },
    "token-stream": {
      "version": "0.0.1",
      "resolved": "https://registry.npmjs.org/token-stream/-/token-stream-0.0.1.tgz",
      "integrity": "sha1-zu78cXp2xDFvEm0LnbqlXX598Bo="
    },
    "type-is": {
      "version": "https://registry.npmjs.org/type-is/-/type-is-1.6.14.tgz",
      "integrity": "sha1-4hljnBfe0coHiQkt1UoDgmuBfLI=",
      "requires": {
        "media-typer": "https://registry.npmjs.org/media-typer/-/media-typer-0.3.0.tgz",
        "mime-types": "https://registry.npmjs.org/mime-types/-/mime-types-2.1.14.tgz"
      }
    },
    "uglify-js": {
      "version": "2.8.29",
      "resolved": "https://registry.npmjs.org/uglify-js/-/uglify-js-2.8.29.tgz",
      "integrity": "sha1-KcVzMUgFe7Th913zW3qcty5qWd0=",
      "requires": {
        "source-map": "0.5.7",
        "uglify-to-browserify": "1.0.2",
        "yargs": "3.10.0"
      },
      "dependencies": {
        "source-map": {
          "version": "0.5.7",
          "resolved": "https://registry.npmjs.org/source-map/-/source-map-0.5.7.tgz",
          "integrity": "sha1-igOdLRAh0i0eoUyA2OpGi6LvP8w="
        }
      }
    },
    "uglify-to-browserify": {
      "version": "1.0.2",
      "resolved": "https://registry.npmjs.org/uglify-to-browserify/-/uglify-to-browserify-1.0.2.tgz",
      "integrity": "sha1-bgkk1r2mta/jSeOabWMoUKD4grc=",
      "optional": true
    },
    "underscore": {
      "version": "https://registry.npmjs.org/underscore/-/underscore-1.8.3.tgz",
      "integrity": "sha1-Tz+1OxBuYJf8+ctBCfKl6b36UCI="
    },
    "utils-merge": {
      "version": "https://registry.npmjs.org/utils-merge/-/utils-merge-1.0.0.tgz",
      "integrity": "sha1-ApT7kiu5N1FTVBxPcJYjHyh8ivg="
    },
    "vary": {
      "version": "https://registry.npmjs.org/vary/-/vary-1.0.1.tgz",
      "integrity": "sha1-meSYFWaihhGN+yuBc1ffeZM3bRA="
    },
    "void-elements": {
      "version": "2.0.1",
      "resolved": "https://registry.npmjs.org/void-elements/-/void-elements-2.0.1.tgz",
      "integrity": "sha1-wGavtYK7HLQSjWDqkjkulNXp2+w="
    },
    "webworker-threads": {
      "version": "https://registry.npmjs.org/webworker-threads/-/webworker-threads-0.7.12.tgz",
      "integrity": "sha1-ZXVUgL4wtyyDEenU6fKcvoDrNh4=",
      "optional": true,
      "requires": {
        "bindings": "https://registry.npmjs.org/bindings/-/bindings-1.3.0.tgz",
        "nan": "https://registry.npmjs.org/nan/-/nan-2.6.2.tgz"
      }
    },
    "window-size": {
      "version": "0.1.0",
      "resolved": "https://registry.npmjs.org/window-size/-/window-size-0.1.0.tgz",
      "integrity": "sha1-VDjNLqk7IC76Ohn+iIeu58lPnJ0="
    },
    "with": {
      "version": "5.1.1",
      "resolved": "https://registry.npmjs.org/with/-/with-5.1.1.tgz",
      "integrity": "sha1-+k2qktrzLE6pTtRTyB8EaGtXXf4=",
      "requires": {
        "acorn": "3.3.0",
        "acorn-globals": "3.1.0"
      }
    },
    "wndb-with-exceptions": {
      "version": "https://registry.npmjs.org/wndb-with-exceptions/-/wndb-with-exceptions-3.0.1.tgz",
      "integrity": "sha1-vGGyNN+ohA+PJ4ry0CZHtvjHHv4=",
      "requires": {
        "tar": "https://registry.npmjs.org/tar/-/tar-2.2.1.tgz"
      }
    },
    "wordnet": {
      "version": "https://registry.npmjs.org/wordnet/-/wordnet-0.1.2.tgz",
      "integrity": "sha1-Vg5D0o0Op/ctf4H/qXsh4q7rOuU=",
      "requires": {
        "async": "https://registry.npmjs.org/async/-/async-0.2.10.tgz"
      },
      "dependencies": {
        "async": {
          "version": "https://registry.npmjs.org/async/-/async-0.2.10.tgz",
          "integrity": "sha1-trvgsGdLnXGXCMo43owjfLUmw9E="
        }
      }
    },
    "wordnet-db": {
      "version": "https://registry.npmjs.org/wordnet-db/-/wordnet-db-3.1.6.tgz",
      "integrity": "sha1-75kaOOmGq5HhsDai+ZF5jBNiD5g=",
      "requires": {
        "tar": "https://registry.npmjs.org/tar/-/tar-3.1.5.tgz"
      },
      "dependencies": {
        "tar": {
          "version": "https://registry.npmjs.org/tar/-/tar-3.1.5.tgz",
          "integrity": "sha1-SYHpere61MsdXakjIEfJBHpoGu8=",
          "requires": {
            "minipass": "https://registry.npmjs.org/minipass/-/minipass-2.2.1.tgz",
            "minizlib": "https://registry.npmjs.org/minizlib/-/minizlib-1.0.3.tgz",
            "mkdirp": "https://registry.npmjs.org/mkdirp/-/mkdirp-0.5.1.tgz",
            "yallist": "https://registry.npmjs.org/yallist/-/yallist-3.0.2.tgz"
          }
        }
      }
    },
    "wordwrap": {
      "version": "0.0.2",
      "resolved": "https://registry.npmjs.org/wordwrap/-/wordwrap-0.0.2.tgz",
      "integrity": "sha1-t5Zpu0LstAn4PVg8rVLKF+qhZD8="
    },
    "wrappy": {
      "version": "https://registry.npmjs.org/wrappy/-/wrappy-1.0.2.tgz",
      "integrity": "sha1-tSQ9jz7BqjXxNkYFvA0QNuMKtp8="
    },
    "yallist": {
      "version": "https://registry.npmjs.org/yallist/-/yallist-3.0.2.tgz",
      "integrity": "sha1-hFK0u36Dx8GI2AQcGoN8dz1ti7k="
    },
    "yargs": {
      "version": "3.10.0",
      "resolved": "https://registry.npmjs.org/yargs/-/yargs-3.10.0.tgz",
      "integrity": "sha1-9+572FfdfB0tOMDnTvvWgdFDH9E=",
      "requires": {
        "camelcase": "1.2.1",
        "cliui": "2.1.0",
        "decamelize": "1.2.0",
        "window-size": "0.1.0"
      }
    }
  }
}
